
Microsoft Visual Studio Solution File, Format Version 12.00
# Visual Studio Version 16
VisualStudioVersion = 16.0.31205.134
MinimumVisualStudioVersion = 10.0.40219.1
Project("{FAE04EC0-301F-11D3-BF4B-00C04F79EFBC}") = "DataToZPL", "DataToZPL.csproj", "{C8A65C72-AFCE-46B1-BC21-9A419FDF3AD1}"
EndProject
Project("{FAE04EC0-301F-11D3-BF4B-00C04F79EFBC}") = "Helper", "..\Helper\Helper.csproj", "{A184F7D3-5418-4436-B3DD-9FB483C0592C}"
EndProject
Project("{FAE04EC0-301F-11D3-BF4B-00C04F79EFBC}") = "CSV-ZPLGenerator", "..\CSV-ZPLGenerator\CSV-ZPLGenerator.csproj", "{FD9AA5E3-E39A-4FA8-B444-0F70D6D87133}"
EndProject
Global
	GlobalSection(SolutionConfigurationPlatforms) = preSolution
		Debug|Any CPU = Debug|Any CPU
		Release|Any CPU = Release|Any CPU
	EndGlobalSection
	GlobalSection(ProjectConfigurationPlatforms) = postSolution
		{C8A65C72-AFCE-46B1-BC21-9A419FDF3AD1}.Debug|Any CPU.ActiveCfg = Debug|Any CPU
		{C8A65C72-AFCE-46B1-BC21-9A419FDF3AD1}.Debug|Any CPU.Build.0 = Debug|Any CPU
		{C8A65C72-AFCE-46B1-BC21-9A419FDF3AD1}.Release|Any CPU.ActiveCfg = Release|Any CPU
		{C8A65C72-AFCE-46B1-BC21-9A419FDF3AD1}.Release|Any CPU.Build.0 = Release|Any CPU
		{A184F7D3-5418-4436-B3DD-9FB483C0592C}.Debug|Any CPU.ActiveCfg = Debug|Any CPU
		{A184F7D3-5418-4436-B3DD-9FB483C0592C}.Debug|Any CPU.Build.0 = Debug|Any CPU
		{A184F7D3-5418-4436-B3DD-9FB483C0592C}.Release|Any CPU.ActiveCfg = Release|Any CPU
		{A184F7D3-5418-4436-B3DD-9FB483C0592C}.Release|Any CPU.Build.0 = Release|Any CPU
		{FD9AA5E3-E39A-4FA8-B444-0F70D6D87133}.Debug|Any CPU.ActiveCfg = Debug|Any CPU
		{FD9AA5E3-E39A-4FA8-B444-0F70D6D87133}.Debug|Any CPU.Build.0 = Debug|Any CPU
		{FD9AA5E3-E39A-4FA8-B444-0F70D6D87133}.Release|Any CPU.ActiveCfg = Release|Any CPU
		{FD9AA5E3-E39A-4FA8-B444-0F70D6D87133}.Release|Any CPU.Build.0 = Release|Any CPU
	EndGlobalSection
	GlobalSection(SolutionProperties) = preSolution
		HideSolutionNode = FALSE
	EndGlobalSection
	GlobalSection(ExtensibilityGlobals) = postSolution
		SolutionGuid = {48D9C982-24E9-4CD9-B741-8F18D8C5A7BF}
	EndGlobalSection
EndGlobal
